// !$*UTF8*$!
{
	archiveVersion = 1;
	classes = {
	};
	objectVersion = 77;
	objects = {

/* Begin PBXBuildFile section */
		2C13D56E2E7C6A5300B44697 /* FoundationModels.framework in Frameworks */ = {isa = PBXBuildFile; fileRef = 2C13D56D2E7C6A5300B44697 /* FoundationModels.framework */; };
/* End PBXBuildFile section */

/* Begin PBXContainerItemProxy section */
		2C9CD90C2CED9B7D006F378E /* PBXContainerItemProxy */ = {
			isa = PBXContainerItemProxy;
			containerPortal = 2C9CD8F32CED9B7B006F378E /* Project object */;
			proxyType = 1;
			remoteGlobalIDString = 2C9CD8FA2CED9B7B006F378E;
			remoteInfo = "Kiwkiw Kupi SwiftUI";
		};
		2C9CD9162CED9B7D006F378E /* PBXContainerItemProxy */ = {
			isa = PBXContainerItemProxy;
			containerPortal = 2C9CD8F32CED9B7B006F378E /* Project object */;
			proxyType = 1;
			remoteGlobalIDString = 2C9CD8FA2CED9B7B006F378E;
			remoteInfo = "Kiwkiw Kupi SwiftUI";
		};
/* End PBXContainerItemProxy section */

/* Begin PBXFileReference section */
		2C13D56D2E7C6A5300B44697 /* FoundationModels.framework */ = {isa = PBXFileReference; lastKnownFileType = wrapper.framework; name = FoundationModels.framework; path = System/Library/Frameworks/FoundationModels.framework; sourceTree = SDKROOT; };
		2C9CD8FB2CED9B7B006F378E /* Kiwkiw Kupi SwiftUI.app */ = {isa = PBXFileReference; explicitFileType = wrapper.application; includeInIndex = 0; path = "Kiwkiw Kupi SwiftUI.app"; sourceTree = BUILT_PRODUCTS_DIR; };
		2C9CD90B2CED9B7D006F378E /* Kiwkiw Kupi SwiftUITests.xctest */ = {isa = PBXFileReference; explicitFileType = wrapper.cfbundle; includeInIndex = 0; path = "Kiwkiw Kupi SwiftUITests.xctest"; sourceTree = BUILT_PRODUCTS_DIR; };
		2C9CD9152CED9B7D006F378E /* Kiwkiw Kupi SwiftUIUITests.xctest */ = {isa = PBXFileReference; explicitFileType = wrapper.cfbundle; includeInIndex = 0; path = "Kiwkiw Kupi SwiftUIUITests.xctest"; sourceTree = BUILT_PRODUCTS_DIR; };
/* End PBXFileReference section */

/* Begin PBXFileSystemSynchronizedRootGroup section */
		2C9CD8FD2CED9B7B006F378E /* Kiwkiw Kupi SwiftUI */ = {
			isa = PBXFileSystemSynchronizedRootGroup;
			path = "Kiwkiw Kupi SwiftUI";
			sourceTree = "<group>";
		};
		2C9CD90E2CED9B7D006F378E /* Kiwkiw Kupi SwiftUITests */ = {
			isa = PBXFileSystemSynchronizedRootGroup;
			path = "Kiwkiw Kupi SwiftUITests";
			sourceTree = "<group>";
		};
		2C9CD9182CED9B7D006F378E /* Kiwkiw Kupi SwiftUIUITests */ = {
			isa = PBXFileSystemSynchronizedRootGroup;
			path = "Kiwkiw Kupi SwiftUIUITests";
			sourceTree = "<group>";
		};
/* End PBXFileSystemSynchronizedRootGroup section */

/* Begin PBXFrameworksBuildPhase section */
		2C9CD8F82CED9B7B006F378E /* Frameworks */ = {
			isa = PBXFrameworksBuildPhase;
			buildActionMask = 2147483647;
			files = (
				2C13D56E2E7C6A5300B44697 /* FoundationModels.framework in Frameworks */,
			);
			runOnlyForDeploymentPostprocessing = 0;
		};
		2C9CD9082CED9B7D006F378E /* Frameworks */ = {
			isa = PBXFrameworksBuildPhase;
			buildActionMask = 2147483647;
			files = (
			);
			runOnlyForDeploymentPostprocessing = 0;
		};
		2C9CD9122CED9B7D006F378E /* Frameworks */ = {
			isa = PBXFrameworksBuildPhase;
			buildActionMask = 2147483647;
			files = (
			);
			runOnlyForDeploymentPostprocessing = 0;
		};
/* End PBXFrameworksBuildPhase section */

/* Begin PBXGroup section */
		2C13D56C2E7C6A5300B44697 /* Frameworks */ = {
			isa = PBXGroup;
			children = (
				2C13D56D2E7C6A5300B44697 /* FoundationModels.framework */,
			);
			name = Frameworks;
			sourceTree = "<group>";
		};
		2C9CD8F22CED9B7B006F378E = {
			isa = PBXGroup;
			children = (
				2C9CD8FD2CED9B7B006F378E /* Kiwkiw Kupi SwiftUI */,
				2C9CD90E2CED9B7D006F378E /* Kiwkiw Kupi SwiftUITests */,
				2C9CD9182CED9B7D006F378E /* Kiwkiw Kupi SwiftUIUITests */,
				2C13D56C2E7C6A5300B44697 /* Frameworks */,
				2C9CD8FC2CED9B7B006F378E /* Products */,
			);
			sourceTree = "<group>";
		};
		2C9CD8FC2CED9B7B006F378E /* Products */ = {
			isa = PBXGroup;
			children = (
				2C9CD8FB2CED9B7B006F378E /* Kiwkiw Kupi SwiftUI.app */,
				2C9CD90B2CED9B7D006F378E /* Kiwkiw Kupi SwiftUITests.xctest */,
				2C9CD9152CED9B7D006F378E /* Kiwkiw Kupi SwiftUIUITests.xctest */,
			);
			name = Products;
			sourceTree = "<group>";
		};
/* End PBXGroup section */

/* Begin PBXNativeTarget section */
		2C9CD8FA2CED9B7B006F378E /* Kiwkiw Kupi SwiftUI */ = {
			isa = PBXNativeTarget;
			buildConfigurationList = 2C9CD91F2CED9B7D006F378E /* Build configuration list for PBXNativeTarget "Kiwkiw Kupi SwiftUI" */;
			buildPhases = (
				2C9CD8F72CED9B7B006F378E /* Sources */,
				2C9CD8F82CED9B7B006F378E /* Frameworks */,
				2C9CD8F92CED9B7B006F378E /* Resources */,
			);
			buildRules = (
			);
			dependencies = (
			);
			fileSystemSynchronizedGroups = (
				2C9CD8FD2CED9B7B006F378E /* Kiwkiw Kupi SwiftUI */,
			);
			name = "Kiwkiw Kupi SwiftUI";
			packageProductDependencies = (
			);
			productName = "Kiwkiw Kupi SwiftUI";
			productReference = 2C9CD8FB2CED9B7B006F378E /* Kiwkiw Kupi SwiftUI.app */;
			productType = "com.apple.product-type.application";
		};
		2C9CD90A2CED9B7D006F378E /* Kiwkiw Kupi SwiftUITests */ = {
			isa = PBXNativeTarget;
			buildConfigurationList = 2C9CD9222CED9B7D006F378E /* Build configuration list for PBXNativeTarget "Kiwkiw Kupi SwiftUITests" */;
			buildPhases = (
				2C9CD9072CED9B7D006F378E /* Sources */,
				2C9CD9082CED9B7D006F378E /* Frameworks */,
				2C9CD9092CED9B7D006F378E /* Resources */,
			);
			buildRules = (
			);
			dependencies = (
				2C9CD90D2CED9B7D006F378E /* PBXTargetDependency */,
			);
			fileSystemSynchronizedGroups = (
				2C9CD90E2CED9B7D006F378E /* Kiwkiw Kupi SwiftUITests */,
			);
			name = "Kiwkiw Kupi SwiftUITests";
			packageProductDependencies = (
			);
			productName = "Kiwkiw Kupi SwiftUITests";
			productReference = 2C9CD90B2CED9B7D006F378E /* Kiwkiw Kupi SwiftUITests.xctest */;
			productType = "com.apple.product-type.bundle.unit-test";
		};
		2C9CD9142CED9B7D006F378E /* Kiwkiw Kupi SwiftUIUITests */ = {
			isa = PBXNativeTarget;
			buildConfigurationList = 2C9CD9252CED9B7D006F378E /* Build configuration list for PBXNativeTarget "Kiwkiw Kupi SwiftUIUITests" */;
			buildPhases = (
				2C9CD9112CED9B7D006F378E /* Sources */,
				2C9CD9122CED9B7D006F378E /* Frameworks */,
				2C9CD9132CED9B7D006F378E /* Resources */,
			);
			buildRules = (
			);
			dependencies = (
				2C9CD9172CED9B7D006F378E /* PBXTargetDependency */,
			);
			fileSystemSynchronizedGroups = (
				2C9CD9182CED9B7D006F378E /* Kiwkiw Kupi SwiftUIUITests */,
			);
			name = "Kiwkiw Kupi SwiftUIUITests";
			packageProductDependencies = (
			);
			productName = "Kiwkiw Kupi SwiftUIUITests";
			productReference = 2C9CD9152CED9B7D006F378E /* Kiwkiw Kupi SwiftUIUITests.xctest */;
			productType = "com.apple.product-type.bundle.ui-testing";
		};
/* End PBXNativeTarget section */

/* Begin PBXProject section */
		2C9CD8F32CED9B7B006F378E /* Project object */ = {
			isa = PBXProject;
			attributes = {
				BuildIndependentTargetsInParallel = 1;
				LastSwiftUpdateCheck = 1610;
				LastUpgradeCheck = 1610;
				TargetAttributes = {
					2C9CD8FA2CED9B7B006F378E = {
						CreatedOnToolsVersion = 16.1;
					};
					2C9CD90A2CED9B7D006F378E = {
						CreatedOnToolsVersion = 16.1;
						TestTargetID = 2C9CD8FA2CED9B7B006F378E;
					};
					2C9CD9142CED9B7D006F378E = {
						CreatedOnToolsVersion = 16.1;
						TestTargetID = 2C9CD8FA2CED9B7B006F378E;
					};
				};
			};
			buildConfigurationList = 2C9CD8F62CED9B7B006F378E /* Build configuration list for PBXProject "Kiwkiw Kupi SwiftUI" */;
			developmentRegion = en;
			hasScannedForEncodings = 0;
			knownRegions = (
				en,
				Base,
			);
			mainGroup = 2C9CD8F22CED9B7B006F378E;
			minimizedProjectReferenceProxies = 1;
			preferredProjectObjectVersion = 77;
			productRefGroup = 2C9CD8FC2CED9B7B006F378E /* Products */;
			projectDirPath = "";
			projectRoot = "";
			targets = (
				2C9CD8FA2CED9B7B006F378E /* Kiwkiw Kupi SwiftUI */,
				2C9CD90A2CED9B7D006F378E /* Kiwkiw Kupi SwiftUITests */,
				2C9CD9142CED9B7D006F378E /* Kiwkiw Kupi SwiftUIUITests */,
			);
		};
/* End PBXProject section */

/* Begin PBXResourcesBuildPhase section */
		2C9CD8F92CED9B7B006F378E /* Resources */ = {
			isa = PBXResourcesBuildPhase;
			buildActionMask = 2147483647;
			files = (
			);
			runOnlyForDeploymentPostprocessing = 0;
		};
		2C9CD9092CED9B7D006F378E /* Resources */ = {
			isa = PBXResourcesBuildPhase;
			buildActionMask = 2147483647;
			files = (
			);
			runOnlyForDeploymentPostprocessing = 0;
		};
		2C9CD9132CED9B7D006F378E /* Resources */ = {
			isa = PBXResourcesBuildPhase;
			buildActionMask = 2147483647;
			files = (
			);
			runOnlyForDeploymentPostprocessing = 0;
		};
/* End PBXResourcesBuildPhase section */

/* Begin PBXSourcesBuildPhase section */
		2C9CD8F72CED9B7B006F378E /* Sources */ = {
			isa = PBXSourcesBuildPhase;
			buildActionMask = 2147483647;
			files = (
			);
			runOnlyForDeploymentPostprocessing = 0;
		};
		2C9CD9072CED9B7D006F378E /* Sources */ = {
			isa = PBXSourcesBuildPhase;
			buildActionMask = 2147483647;
			files = (
			);
			runOnlyForDeploymentPostprocessing = 0;
		};
		2C9CD9112CED9B7D006F378E /* Sources */ = {
			isa = PBXSourcesBuildPhase;
			buildActionMask = 2147483647;
			files = (
			);
			runOnlyForDeploymentPostprocessing = 0;
		};
/* End PBXSourcesBuildPhase section */

/* Begin PBXTargetDependency section */
		2C9CD90D2CED9B7D006F378E /* PBXTargetDependency */ = {
			isa = PBXTargetDependency;
			target = 2C9CD8FA2CED9B7B006F378E /* Kiwkiw Kupi SwiftUI */;
			targetProxy = 2C9CD90C2CED9B7D006F378E /* PBXContainerItemProxy */;
		};
		2C9CD9172CED9B7D006F378E /* PBXTargetDependency */ = {
			isa = PBXTargetDependency;
			target = 2C9CD8FA2CED9B7B006F378E /* Kiwkiw Kupi SwiftUI */;
			targetProxy = 2C9CD9162CED9B7D006F378E /* PBXContainerItemProxy */;
		};
/* End PBXTargetDependency section */

/* Begin XCBuildConfiguration section */
		2C9CD91D2CED9B7D006F378E /* Debug */ = {
			isa = XCBuildConfiguration;
			buildSettings = {
				ALWAYS_SEARCH_USER_PATHS = NO;
				ASSETCATALOG_COMPILER_GENERATE_SWIFT_ASSET_SYMBOL_EXTENSIONS = YES;
				CLANG_ANALYZER_NONNULL = YES;
				CLANG_ANALYZER_NUMBER_OBJECT_CONVERSION = YES_AGGRESSIVE;
				CLANG_CXX_LANGUAGE_STANDARD = "gnu++20";
				CLANG_ENABLE_MODULES = YES;
				CLANG_ENABLE_OBJC_ARC = YES;
				CLANG_ENABLE_OBJC_WEAK = YES;
				CLANG_WARN_BLOCK_CAPTURE_AUTORELEASING = YES;
				CLANG_WARN_BOOL_CONVERSION = YES;
				CLANG_WARN_COMMA = YES;
				CLANG_WARN_CONSTANT_CONVERSION = YES;
				CLANG_WARN_DEPRECATED_OBJC_IMPLEMENTATIONS = YES;
				CLANG_WARN_DIRECT_OBJC_ISA_USAGE = YES_ERROR;
				CLANG_WARN_DOCUMENTATION_COMMENTS = YES;
				CLANG_WARN_EMPTY_BODY = YES;
				CLANG_WARN_ENUM_CONVERSION = YES;
				CLANG_WARN_INFINITE_RECURSION = YES;
				CLANG_WARN_INT_CONVERSION = YES;
				CLANG_WARN_NON_LITERAL_NULL_CONVERSION = YES;
				CLANG_WARN_OBJC_IMPLICIT_RETAIN_SELF = YES;
				CLANG_WARN_OBJC_LITERAL_CONVERSION = YES;
				CLANG_WARN_OBJC_ROOT_CLASS = YES_ERROR;
				CLANG_WARN_QUOTED_INCLUDE_IN_FRAMEWORK_HEADER = YES;
				CLANG_WARN_RANGE_LOOP_ANALYSIS = YES;
				CLANG_WARN_STRICT_PROTOTYPES = YES;
				CLANG_WARN_SUSPICIOUS_MOVE = YES;
				CLANG_WARN_UNGUARDED_AVAILABILITY = YES_AGGRESSIVE;
				CLANG_WARN_UNREACHABLE_CODE = YES;
				CLANG_WARN__DUPLICATE_METHOD_MATCH = YES;
				COPY_PHASE_STRIP = NO;
				DEBUG_INFORMATION_FORMAT = dwarf;
				ENABLE_STRICT_OBJC_MSGSEND = YES;
				ENABLE_TESTABILITY = YES;
				ENABLE_USER_SCRIPT_SANDBOXING = YES;
				GCC_C_LANGUAGE_STANDARD = gnu17;
				GCC_DYNAMIC_NO_PIC = NO;
				GCC_NO_COMMON_BLOCKS = YES;
				GCC_OPTIMIZATION_LEVEL = 0;
				GCC_PREPROCESSOR_DEFINITIONS = (
					"DEBUG=1",
					"$(inherited)",
				);
				GCC_WARN_64_TO_32_BIT_CONVERSION = YES;
				GCC_WARN_ABOUT_RETURN_TYPE = YES_ERROR;
				GCC_WARN_UNDECLARED_SELECTOR = YES;
				GCC_WARN_UNINITIALIZED_AUTOS = YES_AGGRESSIVE;
				GCC_WARN_UNUSED_FUNCTION = YES;
				GCC_WARN_UNUSED_VARIABLE = YES;
				IPHONEOS_DEPLOYMENT_TARGET = 18.1;
				LOCALIZATION_PREFERS_STRING_CATALOGS = YES;
				MTL_ENABLE_DEBUG_INFO = INCLUDE_SOURCE;
				MTL_FAST_MATH = YES;
				ONLY_ACTIVE_ARCH = YES;
				SDKROOT = iphoneos;
				SWIFT_ACTIVE_COMPILATION_CONDITIONS = "DEBUG $(inherited)";
				SWIFT_OPTIMIZATION_LEVEL = "-Onone";
			};
			name = Debug;
		};
		2C9CD91E2CED9B7D006F378E /* Release */ = {
			isa = XCBuildConfiguration;
			buildSettings = {
				ALWAYS_SEARCH_USER_PATHS = NO;
				ASSETCATALOG_COMPILER_GENERATE_SWIFT_ASSET_SYMBOL_EXTENSIONS = YES;
				CLANG_ANALYZER_NONNULL = YES;
				CLANG_ANALYZER_NUMBER_OBJECT_CONVERSION = YES_AGGRESSIVE;
				CLANG_CXX_LANGUAGE_STANDARD = "gnu++20";
				CLANG_ENABLE_MODULES = YES;
				CLANG_ENABLE_OBJC_ARC = YES;
				CLANG_ENABLE_OBJC_WEAK = YES;
				CLANG_WARN_BLOCK_CAPTURE_AUTORELEASING = YES;
				CLANG_WARN_BOOL_CONVERSION = YES;
				CLANG_WARN_COMMA = YES;
				CLANG_WARN_CONSTANT_CONVERSION = YES;
				CLANG_WARN_DEPRECATED_OBJC_IMPLEMENTATIONS = YES;
				CLANG_WARN_DIRECT_OBJC_ISA_USAGE = YES_ERROR;
				CLANG_WARN_DOCUMENTATION_COMMENTS = YES;
				CLANG_WARN_EMPTY_BODY = YES;
				CLANG_WARN_ENUM_CONVERSION = YES;
				CLANG_WARN_INFINITE_RECURSION = YES;
				CLANG_WARN_INT_CONVERSION = YES;
				CLANG_WARN_NON_LITERAL_NULL_CONVERSION = YES;
				CLANG_WARN_OBJC_IMPLICIT_RETAIN_SELF = YES;
				CLANG_WARN_OBJC_LITERAL_CONVERSION = YES;
				CLANG_WARN_OBJC_ROOT_CLASS = YES_ERROR;
				CLANG_WARN_QUOTED_INCLUDE_IN_FRAMEWORK_HEADER = YES;
				CLANG_WARN_RANGE_LOOP_ANALYSIS = YES;
				CLANG_WARN_STRICT_PROTOTYPES = YES;
				CLANG_WARN_SUSPICIOUS_MOVE = YES;
				CLANG_WARN_UNGUARDED_AVAILABILITY = YES_AGGRESSIVE;
				CLANG_WARN_UNREACHABLE_CODE = YES;
				CLANG_WARN__DUPLICATE_METHOD_MATCH = YES;
				COPY_PHASE_STRIP = NO;
				DEBUG_INFORMATION_FORMAT = "dwarf-with-dsym";
				ENABLE_NS_ASSERTIONS = NO;
				ENABLE_STRICT_OBJC_MSGSEND = YES;
				ENABLE_USER_SCRIPT_SANDBOXING = YES;
				GCC_C_LANGUAGE_STANDARD = gnu17;
				GCC_NO_COMMON_BLOCKS = YES;
				GCC_WARN_64_TO_32_BIT_CONVERSION = YES;
				GCC_WARN_ABOUT_RETURN_TYPE = YES_ERROR;
				GCC_WARN_UNDECLARED_SELECTOR = YES;
				GCC_WARN_UNINITIALIZED_AUTOS = YES_AGGRESSIVE;
				GCC_WARN_UNUSED_FUNCTION = YES;
				GCC_WARN_UNUSED_VARIABLE = YES;
				IPHONEOS_DEPLOYMENT_TARGET = 18.1;
				LOCALIZATION_PREFERS_STRING_CATALOGS = YES;
				MTL_ENABLE_DEBUG_INFO = NO;
				MTL_FAST_MATH = YES;
				SDKROOT = iphoneos;
				SWIFT_COMPILATION_MODE = wholemodule;
				VALIDATE_PRODUCT = YES;
			};
			name = Release;
		};
		2C9CD9202CED9B7D006F378E /* Debug */ = {
			isa = XCBuildConfiguration;
			buildSettings = {
				ASSETCATALOG_COMPILER_APPICON_NAME = AppIcon;
				ASSETCATALOG_COMPILER_GLOBAL_ACCENT_COLOR_NAME = AccentColor;
				CODE_SIGN_STYLE = Automatic;
				CURRENT_PROJECT_VERSION = 1;
				DEVELOPMENT_ASSET_PATHS = "\"Kiwkiw Kupi SwiftUI/Preview Content\"";
				DEVELOPMENT_TEAM = QWVAEMBXMM;
				ENABLE_PREVIEWS = YES;
				GENERATE_INFOPLIST_FILE = YES;
				INFOPLIST_FILE = "Kiwkiw-Kupi-SwiftUI-Info.plist";
				INFOPLIST_KEY_CFBundleDisplayName = "Kiwkiw Kupi";
				INFOPLIST_KEY_LSApplicationCategoryType = "public.app-category.food-and-drink";
				INFOPLIST_KEY_UIApplicationSceneManifest_Generation = YES;
				INFOPLIST_KEY_UIApplicationSupportsIndirectInputEvents = YES;
				INFOPLIST_KEY_UILaunchScreen_Generation = YES;
				INFOPLIST_KEY_UISupportedInterfaceOrientations = "UIInterfaceOrientationLandscapeLeft UIInterfaceOrientationLandscapeRight UIInterfaceOrientationPortrait UIInterfaceOrientationPortraitUpsideDown";
				IPHONEOS_DEPLOYMENT_TARGET = 26.0;
				LD_RUNPATH_SEARCH_PATHS = (
					"$(inherited)",
					"@executable_path/Frameworks",
				);
				MARKETING_VERSION = 1.0;
				PRODUCT_BUNDLE_IDENTIFIER = "kiwkiw.Kiwkiw-Kupi-SwiftUI";
				PRODUCT_NAME = "$(TARGET_NAME)";
				SWIFT_EMIT_LOC_STRINGS = YES;
				SWIFT_VERSION = 5.0;
				TARGETED_DEVICE_FAMILY = "1,2";
			};
			name = Debug;
		};
		2C9CD9212CED9B7D006F378E /* Release */ = {
			isa = XCBuildConfiguration;
			buildSettings = {
				ASSETCATALOG_COMPILER_APPICON_NAME = AppIcon;
				ASSETCATALOG_COMPILER_GLOBAL_ACCENT_COLOR_NAME = AccentColor;
				CODE_SIGN_STYLE = Automatic;
				CURRENT_PROJECT_VERSION = 1;
				DEVELOPMENT_ASSET_PATHS = "\"Kiwkiw Kupi SwiftUI/Preview Content\"";
				DEVELOPMENT_TEAM = QWVAEMBXMM;
				ENABLE_PREVIEWS = YES;
				GENERATE_INFOPLIST_FILE = YES;
				INFOPLIST_FILE = "Kiwkiw-Kupi-SwiftUI-Info.plist";
				INFOPLIST_KEY_CFBundleDisplayName = "Kiwkiw Kupi";
				INFOPLIST_KEY_LSApplicationCategoryType = "public.app-category.food-and-drink";
				INFOPLIST_KEY_UIApplicationSceneManifest_Generation = YES;
				INFOPLIST_KEY_UIApplicationSupportsIndirectInputEvents = YES;
				INFOPLIST_KEY_UILaunchScreen_Generation = YES;
				INFOPLIST_KEY_UISupportedInterfaceOrientations = "UIInterfaceOrientationLandscapeLeft UIInterfaceOrientationLandscapeRight UIInterfaceOrientationPortrait UIInterfaceOrientationPortraitUpsideDown";
				IPHONEOS_DEPLOYMENT_TARGET = 26.0;
				LD_RUNPATH_SEARCH_PATHS = (
					"$(inherited)",
					"@executable_path/Frameworks",
				);
				MARKETING_VERSION = 1.0;
				PRODUCT_BUNDLE_IDENTIFIER = "kiwkiw.Kiwkiw-Kupi-SwiftUI";
				PRODUCT_NAME = "$(TARGET_NAME)";
				SWIFT_EMIT_LOC_STRINGS = YES;
				SWIFT_VERSION = 5.0;
				TARGETED_DEVICE_FAMILY = "1,2";
			};
			name = Release;
		};
		2C9CD9232CED9B7D006F378E /* Debug */ = {
			isa = XCBuildConfiguration;
			buildSettings = {
				BUNDLE_LOADER = "$(TEST_HOST)";
				CODE_SIGN_STYLE = Automatic;
				CURRENT_PROJECT_VERSION = 1;
				DEVELOPMENT_TEAM = QWVAEMBXMM;
				GENERATE_INFOPLIST_FILE = YES;
				IPHONEOS_DEPLOYMENT_TARGET = 18.1;
				MARKETING_VERSION = 1.0;
				PRODUCT_BUNDLE_IDENTIFIER = "kiwkiw.Kiwkiw-Kupi-SwiftUITests";
				PRODUCT_NAME = "$(TARGET_NAME)";
				SWIFT_EMIT_LOC_STRINGS = NO;
				SWIFT_VERSION = 5.0;
				TARGETED_DEVICE_FAMILY = "1,2";
				TEST_HOST = "$(BUILT_PRODUCTS_DIR)/Kiwkiw Kupi SwiftUI.app/$(BUNDLE_EXECUTABLE_FOLDER_PATH)/Kiwkiw Kupi SwiftUI";
			};
			name = Debug;
		};
		2C9CD9242CED9B7D006F378E /* Release */ = {
			isa = XCBuildConfiguration;
			buildSettings = {
				BUNDLE_LOADER = "$(TEST_HOST)";
				CODE_SIGN_STYLE = Automatic;
				CURRENT_PROJECT_VERSION = 1;
				DEVELOPMENT_TEAM = QWVAEMBXMM;
				GENERATE_INFOPLIST_FILE = YES;
				IPHONEOS_DEPLOYMENT_TARGET = 18.1;
				MARKETING_VERSION = 1.0;
				PRODUCT_BUNDLE_IDENTIFIER = "kiwkiw.Kiwkiw-Kupi-SwiftUITests";
				PRODUCT_NAME = "$(TARGET_NAME)";
				SWIFT_EMIT_LOC_STRINGS = NO;
				SWIFT_VERSION = 5.0;
				TARGETED_DEVICE_FAMILY = "1,2";
				TEST_HOST = "$(BUILT_PRODUCTS_DIR)/Kiwkiw Kupi SwiftUI.app/$(BUNDLE_EXECUTABLE_FOLDER_PATH)/Kiwkiw Kupi SwiftUI";
			};
			name = Release;
		};
		2C9CD9262CED9B7D006F378E /* Debug */ = {
			isa = XCBuildConfiguration;
			buildSettings = {
				CODE_SIGN_STYLE = Automatic;
				CURRENT_PROJECT_VERSION = 1;
				DEVELOPMENT_TEAM = QWVAEMBXMM;
				GENERATE_INFOPLIST_FILE = YES;
				MARKETING_VERSION = 1.0;
				PRODUCT_BUNDLE_IDENTIFIER = "kiwkiw.Kiwkiw-Kupi-SwiftUIUITests";
				PRODUCT_NAME = "$(TARGET_NAME)";
				SWIFT_EMIT_LOC_STRINGS = NO;
				SWIFT_VERSION = 5.0;
				TARGETED_DEVICE_FAMILY = "1,2";
				TEST_TARGET_NAME = "Kiwkiw Kupi SwiftUI";
			};
			name = Debug;
		};
		2C9CD9272CED9B7D006F378E /* Release */ = {
			isa = XCBuildConfiguration;
			buildSettings = {
				CODE_SIGN_STYLE = Automatic;
				CURRENT_PROJECT_VERSION = 1;
				DEVELOPMENT_TEAM = QWVAEMBXMM;
				GENERATE_INFOPLIST_FILE = YES;
				MARKETING_VERSION = 1.0;
				PRODUCT_BUNDLE_IDENTIFIER = "kiwkiw.Kiwkiw-Kupi-SwiftUIUITests";
				PRODUCT_NAME = "$(TARGET_NAME)";
				SWIFT_EMIT_LOC_STRINGS = NO;
				SWIFT_VERSION = 5.0;
				TARGETED_DEVICE_FAMILY = "1,2";
				TEST_TARGET_NAME = "Kiwkiw Kupi SwiftUI";
			};
			name = Release;
		};
/* End XCBuildConfiguration section */

/* Begin XCConfigurationList section */
		2C9CD8F62CED9B7B006F378E /* Build configuration list for PBXProject "Kiwkiw Kupi SwiftUI" */ = {
			isa = XCConfigurationList;
			buildConfigurations = (
				2C9CD91D2CED9B7D006F378E /* Debug */,
				2C9CD91E2CED9B7D006F378E /* Release */,
			);
			defaultConfigurationIsVisible = 0;
			defaultConfigurationName = Release;
		};
		2C9CD91F2CED9B7D006F378E /* Build configuration list for PBXNativeTarget "Kiwkiw Kupi SwiftUI" */ = {
			isa = XCConfigurationList;
			buildConfigurations = (
				2C9CD9202CED9B7D006F378E /* Debug */,
				2C9CD9212CED9B7D006F378E /* Release */,
			);
			defaultConfigurationIsVisible = 0;
			defaultConfigurationName = Release;
		};
		2C9CD9222CED9B7D006F378E /* Build configuration list for PBXNativeTarget "Kiwkiw Kupi SwiftUITests" */ = {
			isa = XCConfigurationList;
			buildConfigurations = (
				2C9CD9232CED9B7D006F378E /* Debug */,
				2C9CD9242CED9B7D006F378E /* Release */,
			);
			defaultConfigurationIsVisible = 0;
			defaultConfigurationName = Release;
		};
		2C9CD9252CED9B7D006F378E /* Build configuration list for PBXNativeTarget "Kiwkiw Kupi SwiftUIUITests" */ = {
			isa = XCConfigurationList;
			buildConfigurations = (
				2C9CD9262CED9B7D006F378E /* Debug */,
				2C9CD9272CED9B7D006F378E /* Release */,
			);
			defaultConfigurationIsVisible = 0;
			defaultConfigurationName = Release;
		};
/* End XCConfigurationList section */
	};
	rootObject = 2C9CD8F32CED9B7B006F378E /* Project object */;
}
